
Microsoft Visual Studio Solution File, Format Version 12.00
# Visual Studio Version 17
VisualStudioVersion = 17.9.34616.47
MinimumVisualStudioVersion = 10.0.40219.1
Project("{FAE04EC0-301F-11D3-BF4B-00C04F79EFBC}") = "sanpham", "sanpham\sanpham.csproj", "{8990E3F0-DE67-4CF6-BDFB-DE5C75943A4C}"
EndProject
Global
	GlobalSection(SolutionConfigurationPlatforms) = preSolution
		Debug|Any CPU = Debug|Any CPU
		Release|Any CPU = Release|Any CPU
	EndGlobalSection
	GlobalSection(ProjectConfigurationPlatforms) = postSolution
		{8990E3F0-DE67-4CF6-BDFB-DE5C75943A4C}.Debug|Any CPU.ActiveCfg = Debug|Any CPU
		{8990E3F0-DE67-4CF6-BDFB-DE5C75943A4C}.Debug|Any CPU.Build.0 = Debug|Any CPU
		{8990E3F0-DE67-4CF6-BDFB-DE5C75943A4C}.Release|Any CPU.ActiveCfg = Release|Any CPU
		{8990E3F0-DE67-4CF6-BDFB-DE5C75943A4C}.Release|Any CPU.Build.0 = Release|Any CPU
	EndGlobalSection
	GlobalSection(SolutionProperties) = preSolution
		HideSolutionNode = FALSE
	EndGlobalSection
	GlobalSection(ExtensibilityGlobals) = postSolution
		SolutionGuid = {5FF30CDF-7DD5-4BDB-B053-85BA6FA1A717}
	EndGlobalSection
EndGlobal
